
Microsoft Visual Studio Solution File, Format Version 12.00
# Visual Studio Version 16
VisualStudioVersion = 16.0.31727.386
MinimumVisualStudioVersion = 10.0.40219.1
Project("{9A19103F-16F7-4668-BE54-9A1E7A4F7556}") = "Pokemon.API", "Pokemon.API\Pokemon.API.csproj", "{75DE3762-3E25-4928-BD2D-8E724EECE0F4}"
	ProjectSection(ProjectDependencies) = postProject
		{AEAF0AD5-C40A-45C1-8C17-9C544C59E63B} = {AEAF0AD5-C40A-45C1-8C17-9C544C59E63B}
	EndProjectSection
EndProject
Project("{FAE04EC0-301F-11D3-BF4B-00C04F79EFBC}") = "Pokemon.Data", "Pokemon.Data\Pokemon.Data.csproj", "{AEAF0AD5-C40A-45C1-8C17-9C544C59E63B}"
EndProject
Global
	GlobalSection(SolutionConfigurationPlatforms) = preSolution
		Debug|Any CPU = Debug|Any CPU
		Release|Any CPU = Release|Any CPU
	EndGlobalSection
	GlobalSection(ProjectConfigurationPlatforms) = postSolution
		{75DE3762-3E25-4928-BD2D-8E724EECE0F4}.Debug|Any CPU.ActiveCfg = Debug|Any CPU
		{75DE3762-3E25-4928-BD2D-8E724EECE0F4}.Debug|Any CPU.Build.0 = Debug|Any CPU
		{75DE3762-3E25-4928-BD2D-8E724EECE0F4}.Release|Any CPU.ActiveCfg = Release|Any CPU
		{75DE3762-3E25-4928-BD2D-8E724EECE0F4}.Release|Any CPU.Build.0 = Release|Any CPU
		{AEAF0AD5-C40A-45C1-8C17-9C544C59E63B}.Debug|Any CPU.ActiveCfg = Debug|Any CPU
		{AEAF0AD5-C40A-45C1-8C17-9C544C59E63B}.Debug|Any CPU.Build.0 = Debug|Any CPU
		{AEAF0AD5-C40A-45C1-8C17-9C544C59E63B}.Release|Any CPU.ActiveCfg = Release|Any CPU
		{AEAF0AD5-C40A-45C1-8C17-9C544C59E63B}.Release|Any CPU.Build.0 = Release|Any CPU
	EndGlobalSection
	GlobalSection(SolutionProperties) = preSolution
		HideSolutionNode = FALSE
	EndGlobalSection
	GlobalSection(ExtensibilityGlobals) = postSolution
		SolutionGuid = {E885F6B5-DB68-48CB-A048-BEA76FC016BE}
	EndGlobalSection
EndGlobal
